// !$*UTF8*$!
{
	archiveVersion = 1;
	classes = {
	};
	objectVersion = 48;
	objects = {

/* Begin PBXBuildFile section */
		A69EA9811F7B299B00CE014D /* AppDelegate.m in Sources */ = {isa = PBXBuildFile; fileRef = A69EA9801F7B299B00CE014D /* AppDelegate.m */; };
		A69EA9841F7B299B00CE014D /* ViewController.m in Sources */ = {isa = PBXBuildFile; fileRef = A69EA9831F7B299B00CE014D /* ViewController.m */; };
		A69EA9871F7B299B00CE014D /* Main.storyboard in Resources */ = {isa = PBXBuildFile; fileRef = A69EA9851F7B299B00CE014D /* Main.storyboard */; };
		A69EA9891F7B299B00CE014D /* Assets.xcassets in Resources */ = {isa = PBXBuildFile; fileRef = A69EA9881F7B299B00CE014D /* Assets.xcassets */; };
		A69EA98C1F7B299B00CE014D /* LaunchScreen.storyboard in Resources */ = {isa = PBXBuildFile; fileRef = A69EA98A1F7B299B00CE014D /* LaunchScreen.storyboard */; };
		A69EA98F1F7B299B00CE014D /* main.m in Sources */ = {isa = PBXBuildFile; fileRef = A69EA98E1F7B299B00CE014D /* main.m */; };
		A69EA9991F7B299B00CE014D /* SZH_ARKitDemo1Tests.m in Sources */ = {isa = PBXBuildFile; fileRef = A69EA9981F7B299B00CE014D /* SZH_ARKitDemo1Tests.m */; };
		A69EA9A41F7B299B00CE014D /* SZH_ARKitDemo1UITests.m in Sources */ = {isa = PBXBuildFile; fileRef = A69EA9A31F7B299B00CE014D /* SZH_ARKitDemo1UITests.m */; };
		A69EA9B31F7B2A0A00CE014D /* ARSCNViewController.m in Sources */ = {isa = PBXBuildFile; fileRef = A69EA9B21F7B2A0A00CE014D /* ARSCNViewController.m */; };
		A69EA9B61F7B363E00CE014D /* horse.scnassets in Resources */ = {isa = PBXBuildFile; fileRef = A69EA9B41F7B363E00CE014D /* horse.scnassets */; };
		A69EA9B71F7B363E00CE014D /* air.scnassets in Resources */ = {isa = PBXBuildFile; fileRef = A69EA9B51F7B363E00CE014D /* air.scnassets */; };
/* End PBXBuildFile section */

/* Begin PBXContainerItemProxy section */
		A69EA9951F7B299B00CE014D /* PBXContainerItemProxy */ = {
			isa = PBXContainerItemProxy;
			containerPortal = A69EA9741F7B299B00CE014D /* Project object */;
			proxyType = 1;
			remoteGlobalIDString = A69EA97B1F7B299B00CE014D;
			remoteInfo = SZH_ARKitDemo1;
		};
		A69EA9A01F7B299B00CE014D /* PBXContainerItemProxy */ = {
			isa = PBXContainerItemProxy;
			containerPortal = A69EA9741F7B299B00CE014D /* Project object */;
			proxyType = 1;
			remoteGlobalIDString = A69EA97B1F7B299B00CE014D;
			remoteInfo = SZH_ARKitDemo1;
		};
/* End PBXContainerItemProxy section */

/* Begin PBXFileReference section */
		A69EA97C1F7B299B00CE014D /* SZH_ARKitDemo1.app */ = {isa = PBXFileReference; explicitFileType = wrapper.application; includeInIndex = 0; path = SZH_ARKitDemo1.app; sourceTree = BUILT_PRODUCTS_DIR; };
		A69EA97F1F7B299B00CE014D /* AppDelegate.h */ = {isa = PBXFileReference; lastKnownFileType = sourcecode.c.h; path = AppDelegate.h; sourceTree = "<group>"; };
		A69EA9801F7B299B00CE014D /* AppDelegate.m */ = {isa = PBXFileReference; lastKnownFileType = sourcecode.c.objc; path = AppDelegate.m; sourceTree = "<group>"; };
		A69EA9821F7B299B00CE014D /* ViewController.h */ = {isa = PBXFileReference; lastKnownFileType = sourcecode.c.h; path = ViewController.h; sourceTree = "<group>"; };
		A69EA9831F7B299B00CE014D /* ViewController.m */ = {isa = PBXFileReference; lastKnownFileType = sourcecode.c.objc; path = ViewController.m; sourceTree = "<group>"; };
		A69EA9861F7B299B00CE014D /* Base */ = {isa = PBXFileReference; lastKnownFileType = file.storyboard; name = Base; path = Base.lproj/Main.storyboard; sourceTree = "<group>"; };
		A69EA9881F7B299B00CE014D /* Assets.xcassets */ = {isa = PBXFileReference; lastKnownFileType = folder.assetcatalog; path = Assets.xcassets; sourceTree = "<group>"; };
		A69EA98B1F7B299B00CE014D /* Base */ = {isa = PBXFileReference; lastKnownFileType = file.storyboard; name = Base; path = Base.lproj/LaunchScreen.storyboard; sourceTree = "<group>"; };
		A69EA98D1F7B299B00CE014D /* Info.plist */ = {isa = PBXFileReference; lastKnownFileType = text.plist.xml; path = Info.plist; sourceTree = "<group>"; };
		A69EA98E1F7B299B00CE014D /* main.m */ = {isa = PBXFileReference; lastKnownFileType = sourcecode.c.objc; path = main.m; sourceTree = "<group>"; };
		A69EA9941F7B299B00CE014D /* SZH_ARKitDemo1Tests.xctest */ = {isa = PBXFileReference; explicitFileType = wrapper.cfbundle; includeInIndex = 0; path = SZH_ARKitDemo1Tests.xctest; sourceTree = BUILT_PRODUCTS_DIR; };
		A69EA9981F7B299B00CE014D /* SZH_ARKitDemo1Tests.m */ = {isa = PBXFileReference; lastKnownFileType = sourcecode.c.objc; path = SZH_ARKitDemo1Tests.m; sourceTree = "<group>"; };
		A69EA99A1F7B299B00CE014D /* Info.plist */ = {isa = PBXFileReference; lastKnownFileType = text.plist.xml; path = Info.plist; sourceTree = "<group>"; };
		A69EA99F1F7B299B00CE014D /* SZH_ARKitDemo1UITests.xctest */ = {isa = PBXFileReference; explicitFileType = wrapper.cfbundle; includeInIndex = 0; path = SZH_ARKitDemo1UITests.xctest; sourceTree = BUILT_PRODUCTS_DIR; };
		A69EA9A31F7B299B00CE014D /* SZH_ARKitDemo1UITests.m */ = {isa = PBXFileReference; lastKnownFileType = sourcecode.c.objc; path = SZH_ARKitDemo1UITests.m; sourceTree = "<group>"; };
		A69EA9A51F7B299B00CE014D /* Info.plist */ = {isa = PBXFileReference; lastKnownFileType = text.plist.xml; path = Info.plist; sourceTree = "<group>"; };
		A69EA9B11F7B2A0A00CE014D /* ARSCNViewController.h */ = {isa = PBXFileReference; lastKnownFileType = sourcecode.c.h; path = ARSCNViewController.h; sourceTree = "<group>"; };
		A69EA9B21F7B2A0A00CE014D /* ARSCNViewController.m */ = {isa = PBXFileReference; lastKnownFileType = sourcecode.c.objc; path = ARSCNViewController.m; sourceTree = "<group>"; };
		A69EA9B41F7B363E00CE014D /* horse.scnassets */ = {isa = PBXFileReference; lastKnownFileType = wrapper.scnassets; path = horse.scnassets; sourceTree = "<group>"; };
		A69EA9B51F7B363E00CE014D /* air.scnassets */ = {isa = PBXFileReference; lastKnownFileType = wrapper.scnassets; path = air.scnassets; sourceTree = "<group>"; };
/* End PBXFileReference section */

/* Begin PBXFrameworksBuildPhase section */
		A69EA9791F7B299B00CE014D /* Frameworks */ = {
			isa = PBXFrameworksBuildPhase;
			buildActionMask = 2147483647;
			files = (
			);
			runOnlyForDeploymentPostprocessing = 0;
		};
		A69EA9911F7B299B00CE014D /* Frameworks */ = {
			isa = PBXFrameworksBuildPhase;
			buildActionMask = 2147483647;
			files = (
			);
			runOnlyForDeploymentPostprocessing = 0;
		};
		A69EA99C1F7B299B00CE014D /* Frameworks */ = {
			isa = PBXFrameworksBuildPhase;
			buildActionMask = 2147483647;
			files = (
			);
			runOnlyForDeploymentPostprocessing = 0;
		};
/* End PBXFrameworksBuildPhase section */

/* Begin PBXGroup section */
		A69EA9731F7B299B00CE014D = {
			isa = PBXGroup;
			children = (
				A69EA97E1F7B299B00CE014D /* SZH_ARKitDemo1 */,
				A69EA9971F7B299B00CE014D /* SZH_ARKitDemo1Tests */,
				A69EA9A21F7B299B00CE014D /* SZH_ARKitDemo1UITests */,
				A69EA97D1F7B299B00CE014D /* Products */,
			);
			sourceTree = "<group>";
		};
		A69EA97D1F7B299B00CE014D /* Products */ = {
			isa = PBXGroup;
			children = (
				A69EA97C1F7B299B00CE014D /* SZH_ARKitDemo1.app */,
				A69EA9941F7B299B00CE014D /* SZH_ARKitDemo1Tests.xctest */,
				A69EA99F1F7B299B00CE014D /* SZH_ARKitDemo1UITests.xctest */,
			);
			name = Products;
			sourceTree = "<group>";
		};
		A69EA97E1F7B299B00CE014D /* SZH_ARKitDemo1 */ = {
			isa = PBXGroup;
			children = (
				A69EA9B51F7B363E00CE014D /* air.scnassets */,
				A69EA9B41F7B363E00CE014D /* horse.scnassets */,
				A69EA97F1F7B299B00CE014D /* AppDelegate.h */,
				A69EA9801F7B299B00CE014D /* AppDelegate.m */,
				A69EA9821F7B299B00CE014D /* ViewController.h */,
				A69EA9831F7B299B00CE014D /* ViewController.m */,
				A69EA9B11F7B2A0A00CE014D /* ARSCNViewController.h */,
				A69EA9B21F7B2A0A00CE014D /* ARSCNViewController.m */,
				A69EA9851F7B299B00CE014D /* Main.storyboard */,
				A69EA9881F7B299B00CE014D /* Assets.xcassets */,
				A69EA98A1F7B299B00CE014D /* LaunchScreen.storyboard */,
				A69EA98D1F7B299B00CE014D /* Info.plist */,
				A69EA98E1F7B299B00CE014D /* main.m */,
			);
			path = SZH_ARKitDemo1;
			sourceTree = "<group>";
		};
		A69EA9971F7B299B00CE014D /* SZH_ARKitDemo1Tests */ = {
			isa = PBXGroup;
			children = (
				A69EA9981F7B299B00CE014D /* SZH_ARKitDemo1Tests.m */,
				A69EA99A1F7B299B00CE014D /* Info.plist */,
			);
			path = SZH_ARKitDemo1Tests;
			sourceTree = "<group>";
		};
		A69EA9A21F7B299B00CE014D /* SZH_ARKitDemo1UITests */ = {
			isa = PBXGroup;
			children = (
				A69EA9A31F7B299B00CE014D /* SZH_ARKitDemo1UITests.m */,
				A69EA9A51F7B299B00CE014D /* Info.plist */,
			);
			path = SZH_ARKitDemo1UITests;
			sourceTree = "<group>";
		};
/* End PBXGroup section */

/* Begin PBXNativeTarget section */
		A69EA97B1F7B299B00CE014D /* SZH_ARKitDemo1 */ = {
			isa = PBXNativeTarget;
			buildConfigurationList = A69EA9A81F7B299B00CE014D /* Build configuration list for PBXNativeTarget "SZH_ARKitDemo1" */;
			buildPhases = (
				A69EA9781F7B299B00CE014D /* Sources */,
				A69EA9791F7B299B00CE014D /* Frameworks */,
				A69EA97A1F7B299B00CE014D /* Resources */,
			);
			buildRules = (
			);
			dependencies = (
			);
			name = SZH_ARKitDemo1;
			productName = SZH_ARKitDemo1;
			productReference = A69EA97C1F7B299B00CE014D /* SZH_ARKitDemo1.app */;
			productType = "com.apple.product-type.application";
		};
		A69EA9931F7B299B00CE014D /* SZH_ARKitDemo1Tests */ = {
			isa = PBXNativeTarget;
			buildConfigurationList = A69EA9AB1F7B299B00CE014D /* Build configuration list for PBXNativeTarget "SZH_ARKitDemo1Tests" */;
			buildPhases = (
				A69EA9901F7B299B00CE014D /* Sources */,
				A69EA9911F7B299B00CE014D /* Frameworks */,
				A69EA9921F7B299B00CE014D /* Resources */,
			);
			buildRules = (
			);
			dependencies = (
				A69EA9961F7B299B00CE014D /* PBXTargetDependency */,
			);
			name = SZH_ARKitDemo1Tests;
			productName = SZH_ARKitDemo1Tests;
			productReference = A69EA9941F7B299B00CE014D /* SZH_ARKitDemo1Tests.xctest */;
			productType = "com.apple.product-type.bundle.unit-test";
		};
		A69EA99E1F7B299B00CE014D /* SZH_ARKitDemo1UITests */ = {
			isa = PBXNativeTarget;
			buildConfigurationList = A69EA9AE1F7B299B00CE014D /* Build configuration list for PBXNativeTarget "SZH_ARKitDemo1UITests" */;
			buildPhases = (
				A69EA99B1F7B299B00CE014D /* Sources */,
				A69EA99C1F7B299B00CE014D /* Frameworks */,
				A69EA99D1F7B299B00CE014D /* Resources */,
			);
			buildRules = (
			);
			dependencies = (
				A69EA9A11F7B299B00CE014D /* PBXTargetDependency */,
			);
			name = SZH_ARKitDemo1UITests;
			productName = SZH_ARKitDemo1UITests;
			productReference = A69EA99F1F7B299B00CE014D /* SZH_ARKitDemo1UITests.xctest */;
			productType = "com.apple.product-type.bundle.ui-testing";
		};
/* End PBXNativeTarget section */

/* Begin PBXProject section */
		A69EA9741F7B299B00CE014D /* Project object */ = {
			isa = PBXProject;
			attributes = {
				LastUpgradeCheck = 0900;
				ORGANIZATIONNAME = "智衡宋";
				TargetAttributes = {
					A69EA97B1F7B299B00CE014D = {
						CreatedOnToolsVersion = 9.0;
						ProvisioningStyle = Automatic;
					};
					A69EA9931F7B299B00CE014D = {
						CreatedOnToolsVersion = 9.0;
						ProvisioningStyle = Automatic;
						TestTargetID = A69EA97B1F7B299B00CE014D;
					};
					A69EA99E1F7B299B00CE014D = {
						CreatedOnToolsVersion = 9.0;
						ProvisioningStyle = Automatic;
						TestTargetID = A69EA97B1F7B299B00CE014D;
					};
				};
			};
			buildConfigurationList = A69EA9771F7B299B00CE014D /* Build configuration list for PBXProject "SZH_ARKitDemo1" */;
			compatibilityVersion = "Xcode 8.0";
			developmentRegion = en;
			hasScannedForEncodings = 0;
			knownRegions = (
				en,
				Base,
			);
			mainGroup = A69EA9731F7B299B00CE014D;
			productRefGroup = A69EA97D1F7B299B00CE014D /* Products */;
			projectDirPath = "";
			projectRoot = "";
			targets = (
				A69EA97B1F7B299B00CE014D /* SZH_ARKitDemo1 */,
				A69EA9931F7B299B00CE014D /* SZH_ARKitDemo1Tests */,
				A69EA99E1F7B299B00CE014D /* SZH_ARKitDemo1UITests */,
			);
		};
/* End PBXProject section */

/* Begin PBXResourcesBuildPhase section */
		A69EA97A1F7B299B00CE014D /* Resources */ = {
			isa = PBXResourcesBuildPhase;
			buildActionMask = 2147483647;
			files = (
				A69EA98C1F7B299B00CE014D /* LaunchScreen.storyboard in Resources */,
				A69EA9B71F7B363E00CE014D /* air.scnassets in Resources */,
				A69EA9B61F7B363E00CE014D /* horse.scnassets in Resources */,
				A69EA9891F7B299B00CE014D /* Assets.xcassets in Resources */,
				A69EA9871F7B299B00CE014D /* Main.storyboard in Resources */,
			);
			runOnlyForDeploymentPostprocessing = 0;
		};
		A69EA9921F7B299B00CE014D /* Resources */ = {
			isa = PBXResourcesBuildPhase;
			buildActionMask = 2147483647;
			files = (
			);
			runOnlyForDeploymentPostprocessing = 0;
		};
		A69EA99D1F7B299B00CE014D /* Resources */ = {
			isa = PBXResourcesBuildPhase;
			buildActionMask = 2147483647;
			files = (
			);
			runOnlyForDeploymentPostprocessing = 0;
		};
/* End PBXResourcesBuildPhase section */

/* Begin PBXSourcesBuildPhase section */
		A69EA9781F7B299B00CE014D /* Sources */ = {
			isa = PBXSourcesBuildPhase;
			buildActionMask = 2147483647;
			files = (
				A69EA9841F7B299B00CE014D /* ViewController.m in Sources */,
				A69EA98F1F7B299B00CE014D /* main.m in Sources */,
				A69EA9B31F7B2A0A00CE014D /* ARSCNViewController.m in Sources */,
				A69EA9811F7B299B00CE014D /* AppDelegate.m in Sources */,
			);
			runOnlyForDeploymentPostprocessing = 0;
		};
		A69EA9901F7B299B00CE014D /* Sources */ = {
			isa = PBXSourcesBuildPhase;
			buildActionMask = 2147483647;
			files = (
				A69EA9991F7B299B00CE014D /* SZH_ARKitDemo1Tests.m in Sources */,
			);
			runOnlyForDeploymentPostprocessing = 0;
		};
		A69EA99B1F7B299B00CE014D /* Sources */ = {
			isa = PBXSourcesBuildPhase;
			buildActionMask = 2147483647;
			files = (
				A69EA9A41F7B299B00CE014D /* SZH_ARKitDemo1UITests.m in Sources */,
			);
			runOnlyForDeploymentPostprocessing = 0;
		};
/* End PBXSourcesBuildPhase section */

/* Begin PBXTargetDependency section */
		A69EA9961F7B299B00CE014D /* PBXTargetDependency */ = {
			isa = PBXTargetDependency;
			target = A69EA97B1F7B299B00CE014D /* SZH_ARKitDemo1 */;
			targetProxy = A69EA9951F7B299B00CE014D /* PBXContainerItemProxy */;
		};
		A69EA9A11F7B299B00CE014D /* PBXTargetDependency */ = {
			isa = PBXTargetDependency;
			target = A69EA97B1F7B299B00CE014D /* SZH_ARKitDemo1 */;
			targetProxy = A69EA9A01F7B299B00CE014D /* PBXContainerItemProxy */;
		};
/* End PBXTargetDependency section */

/* Begin PBXVariantGroup section */
		A69EA9851F7B299B00CE014D /* Main.storyboard */ = {
			isa = PBXVariantGroup;
			children = (
				A69EA9861F7B299B00CE014D /* Base */,
			);
			name = Main.storyboard;
			sourceTree = "<group>";
		};
		A69EA98A1F7B299B00CE014D /* LaunchScreen.storyboard */ = {
			isa = PBXVariantGroup;
			children = (
				A69EA98B1F7B299B00CE014D /* Base */,
			);
			name = LaunchScreen.storyboard;
			sourceTree = "<group>";
		};
/* End PBXVariantGroup section */

/* Begin XCBuildConfiguration section */
		A69EA9A61F7B299B00CE014D /* Debug */ = {
			isa = XCBuildConfiguration;
			buildSettings = {
				ALWAYS_SEARCH_USER_PATHS = NO;
				CLANG_ANALYZER_NONNULL = YES;
				CLANG_ANALYZER_NUMBER_OBJECT_CONVERSION = YES_AGGRESSIVE;
				CLANG_CXX_LANGUAGE_STANDARD = "gnu++14";
				CLANG_CXX_LIBRARY = "libc++";
				CLANG_ENABLE_MODULES = YES;
				CLANG_ENABLE_OBJC_ARC = YES;
				CLANG_WARN_BLOCK_CAPTURE_AUTORELEASING = YES;
				CLANG_WARN_BOOL_CONVERSION = YES;
				CLANG_WARN_COMMA = YES;
				CLANG_WARN_CONSTANT_CONVERSION = YES;
				CLANG_WARN_DIRECT_OBJC_ISA_USAGE = YES_ERROR;
				CLANG_WARN_DOCUMENTATION_COMMENTS = YES;
				CLANG_WARN_EMPTY_BODY = YES;
				CLANG_WARN_ENUM_CONVERSION = YES;
				CLANG_WARN_INFINITE_RECURSION = YES;
				CLANG_WARN_INT_CONVERSION = YES;
				CLANG_WARN_NON_LITERAL_NULL_CONVERSION = YES;
				CLANG_WARN_OBJC_LITERAL_CONVERSION = YES;
				CLANG_WARN_OBJC_ROOT_CLASS = YES_ERROR;
				CLANG_WARN_RANGE_LOOP_ANALYSIS = YES;
				CLANG_WARN_STRICT_PROTOTYPES = YES;
				CLANG_WARN_SUSPICIOUS_MOVE = YES;
				CLANG_WARN_UNGUARDED_AVAILABILITY = YES_AGGRESSIVE;
				CLANG_WARN_UNREACHABLE_CODE = YES;
				CLANG_WARN__DUPLICATE_METHOD_MATCH = YES;
				CODE_SIGN_IDENTITY = "iPhone Developer";
				COPY_PHASE_STRIP = NO;
				DEBUG_INFORMATION_FORMAT = dwarf;
				ENABLE_STRICT_OBJC_MSGSEND = YES;
				ENABLE_TESTABILITY = YES;
				GCC_C_LANGUAGE_STANDARD = gnu11;
				GCC_DYNAMIC_NO_PIC = NO;
				GCC_NO_COMMON_BLOCKS = YES;
				GCC_OPTIMIZATION_LEVEL = 0;
				GCC_PREPROCESSOR_DEFINITIONS = (
					"DEBUG=1",
					"$(inherited)",
				);
				GCC_WARN_64_TO_32_BIT_CONVERSION = YES;
				GCC_WARN_ABOUT_RETURN_TYPE = YES_ERROR;
				GCC_WARN_UNDECLARED_SELECTOR = YES;
				GCC_WARN_UNINITIALIZED_AUTOS = YES_AGGRESSIVE;
				GCC_WARN_UNUSED_FUNCTION = YES;
				GCC_WARN_UNUSED_VARIABLE = YES;
				IPHONEOS_DEPLOYMENT_TARGET = 11.0;
				MTL_ENABLE_DEBUG_INFO = YES;
				ONLY_ACTIVE_ARCH = YES;
				SDKROOT = iphoneos;
			};
			name = Debug;
		};
		A69EA9A71F7B299B00CE014D /* Release */ = {
			isa = XCBuildConfiguration;
			buildSettings = {
				ALWAYS_SEARCH_USER_PATHS = NO;
				CLANG_ANALYZER_NONNULL = YES;
				CLANG_ANALYZER_NUMBER_OBJECT_CONVERSION = YES_AGGRESSIVE;
				CLANG_CXX_LANGUAGE_STANDARD = "gnu++14";
				CLANG_CXX_LIBRARY = "libc++";
				CLANG_ENABLE_MODULES = YES;
				CLANG_ENABLE_OBJC_ARC = YES;
				CLANG_WARN_BLOCK_CAPTURE_AUTORELEASING = YES;
				CLANG_WARN_BOOL_CONVERSION = YES;
				CLANG_WARN_COMMA = YES;
				CLANG_WARN_CONSTANT_CONVERSION = YES;
				CLANG_WARN_DIRECT_OBJC_ISA_USAGE = YES_ERROR;
				CLANG_WARN_DOCUMENTATION_COMMENTS = YES;
				CLANG_WARN_EMPTY_BODY = YES;
				CLANG_WARN_ENUM_CONVERSION = YES;
				CLANG_WARN_INFINITE_RECURSION = YES;
				CLANG_WARN_INT_CONVERSION = YES;
				CLANG_WARN_NON_LITERAL_NULL_CONVERSION = YES;
				CLANG_WARN_OBJC_LITERAL_CONVERSION = YES;
				CLANG_WARN_OBJC_ROOT_CLASS = YES_ERROR;
				CLANG_WARN_RANGE_LOOP_ANALYSIS = YES;
				CLANG_WARN_STRICT_PROTOTYPES = YES;
				CLANG_WARN_SUSPICIOUS_MOVE = YES;
				CLANG_WARN_UNGUARDED_AVAILABILITY = YES_AGGRESSIVE;
				CLANG_WARN_UNREACHABLE_CODE = YES;
				CLANG_WARN__DUPLICATE_METHOD_MATCH = YES;
				CODE_SIGN_IDENTITY = "iPhone Developer";
				COPY_PHASE_STRIP = NO;
				DEBUG_INFORMATION_FORMAT = "dwarf-with-dsym";
				ENABLE_NS_ASSERTIONS = NO;
				ENABLE_STRICT_OBJC_MSGSEND = YES;
				GCC_C_LANGUAGE_STANDARD = gnu11;
				GCC_NO_COMMON_BLOCKS = YES;
				GCC_WARN_64_TO_32_BIT_CONVERSION = YES;
				GCC_WARN_ABOUT_RETURN_TYPE = YES_ERROR;
				GCC_WARN_UNDECLARED_SELECTOR = YES;
				GCC_WARN_UNINITIALIZED_AUTOS = YES_AGGRESSIVE;
				GCC_WARN_UNUSED_FUNCTION = YES;
				GCC_WARN_UNUSED_VARIABLE = YES;
				IPHONEOS_DEPLOYMENT_TARGET = 11.0;
				MTL_ENABLE_DEBUG_INFO = NO;
				SDKROOT = iphoneos;
				VALIDATE_PRODUCT = YES;
			};
			name = Release;
		};
		A69EA9A91F7B299B00CE014D /* Debug */ = {
			isa = XCBuildConfiguration;
			buildSettings = {
				ASSETCATALOG_COMPILER_APPICON_NAME = AppIcon;
				CODE_SIGN_STYLE = Automatic;
				DEVELOPMENT_TEAM = K9LCV5Z527;
				INFOPLIST_FILE = SZH_ARKitDemo1/Info.plist;
				IPHONEOS_DEPLOYMENT_TARGET = 11.0;
				LD_RUNPATH_SEARCH_PATHS = "$(inherited) @executable_path/Frameworks";
				PRODUCT_BUNDLE_IDENTIFIER = com.bizhidq.bzdqzb;
				PRODUCT_NAME = "$(TARGET_NAME)";
				TARGETED_DEVICE_FAMILY = 1;
			};
			name = Debug;
		};
		A69EA9AA1F7B299B00CE014D /* Release */ = {
			isa = XCBuildConfiguration;
			buildSettings = {
				ASSETCATALOG_COMPILER_APPICON_NAME = AppIcon;
				CODE_SIGN_STYLE = Automatic;
				DEVELOPMENT_TEAM = K9LCV5Z527;
				INFOPLIST_FILE = SZH_ARKitDemo1/Info.plist;
				IPHONEOS_DEPLOYMENT_TARGET = 11.0;
				LD_RUNPATH_SEARCH_PATHS = "$(inherited) @executable_path/Frameworks";
				PRODUCT_BUNDLE_IDENTIFIER = com.bizhidq.bzdqzb;
				PRODUCT_NAME = "$(TARGET_NAME)";
				TARGETED_DEVICE_FAMILY = 1;
			};
			name = Release;
		};
		A69EA9AC1F7B299B00CE014D /* Debug */ = {
			isa = XCBuildConfiguration;
			buildSettings = {
				BUNDLE_LOADER = "$(TEST_HOST)";
				CODE_SIGN_STYLE = Automatic;
				INFOPLIST_FILE = SZH_ARKitDemo1Tests/Info.plist;
				LD_RUNPATH_SEARCH_PATHS = "$(inherited) @executable_path/Frameworks @loader_path/Frameworks";
				PRODUCT_BUNDLE_IDENTIFIER = "BibaoBaseUsing.SZH-ARKitDemo1Tests";
				PRODUCT_NAME = "$(TARGET_NAME)";
				TARGETED_DEVICE_FAMILY = "1,2";
				TEST_HOST = "$(BUILT_PRODUCTS_DIR)/SZH_ARKitDemo1.app/SZH_ARKitDemo1";
			};
			name = Debug;
		};
		A69EA9AD1F7B299B00CE014D /* Release */ = {
			isa = XCBuildConfiguration;
			buildSettings = {
				BUNDLE_LOADER = "$(TEST_HOST)";
				CODE_SIGN_STYLE = Automatic;
				INFOPLIST_FILE = SZH_ARKitDemo1Tests/Info.plist;
				LD_RUNPATH_SEARCH_PATHS = "$(inherited) @executable_path/Frameworks @loader_path/Frameworks";
				PRODUCT_BUNDLE_IDENTIFIER = "BibaoBaseUsing.SZH-ARKitDemo1Tests";
				PRODUCT_NAME = "$(TARGET_NAME)";
				TARGETED_DEVICE_FAMILY = "1,2";
				TEST_HOST = "$(BUILT_PRODUCTS_DIR)/SZH_ARKitDemo1.app/SZH_ARKitDemo1";
			};
			name = Release;
		};
		A69EA9AF1F7B299B00CE014D /* Debug */ = {
			isa = XCBuildConfiguration;
			buildSettings = {
				CODE_SIGN_STYLE = Automatic;
				INFOPLIST_FILE = SZH_ARKitDemo1UITests/Info.plist;
				LD_RUNPATH_SEARCH_PATHS = "$(inherited) @executable_path/Frameworks @loader_path/Frameworks";
				PRODUCT_BUNDLE_IDENTIFIER = "BibaoBaseUsing.SZH-ARKitDemo1UITests";
				PRODUCT_NAME = "$(TARGET_NAME)";
				TARGETED_DEVICE_FAMILY = "1,2";
				TEST_TARGET_NAME = SZH_ARKitDemo1;
			};
			name = Debug;
		};
		A69EA9B01F7B299B00CE014D /* Release */ = {
			isa = XCBuildConfiguration;
			buildSettings = {
				CODE_SIGN_STYLE = Automatic;
				INFOPLIST_FILE = SZH_ARKitDemo1UITests/Info.plist;
				LD_RUNPATH_SEARCH_PATHS = "$(inherited) @executable_path/Frameworks @loader_path/Frameworks";
				PRODUCT_BUNDLE_IDENTIFIER = "BibaoBaseUsing.SZH-ARKitDemo1UITests";
				PRODUCT_NAME = "$(TARGET_NAME)";
				TARGETED_DEVICE_FAMILY = "1,2";
				TEST_TARGET_NAME = SZH_ARKitDemo1;
			};
			name = Release;
		};
/* End XCBuildConfiguration section */

/* Begin XCConfigurationList section */
		A69EA9771F7B299B00CE014D /* Build configuration list for PBXProject "SZH_ARKitDemo1" */ = {
			isa = XCConfigurationList;
			buildConfigurations = (
				A69EA9A61F7B299B00CE014D /* Debug */,
				A69EA9A71F7B299B00CE014D /* Release */,
			);
			defaultConfigurationIsVisible = 0;
			defaultConfigurationName = Release;
		};
		A69EA9A81F7B299B00CE014D /* Build configuration list for PBXNativeTarget "SZH_ARKitDemo1" */ = {
			isa = XCConfigurationList;
			buildConfigurations = (
				A69EA9A91F7B299B00CE014D /* Debug */,
				A69EA9AA1F7B299B00CE014D /* Release */,
			);
			defaultConfigurationIsVisible = 0;
			defaultConfigurationName = Release;
		};
		A69EA9AB1F7B299B00CE014D /* Build configuration list for PBXNativeTarget "SZH_ARKitDemo1Tests" */ = {
			isa = XCConfigurationList;
			buildConfigurations = (
				A69EA9AC1F7B299B00CE014D /* Debug */,
				A69EA9AD1F7B299B00CE014D /* Release */,
			);
			defaultConfigurationIsVisible = 0;
			defaultConfigurationName = Release;
		};
		A69EA9AE1F7B299B00CE014D /* Build configuration list for PBXNativeTarget "SZH_ARKitDemo1UITests" */ = {
			isa = XCConfigurationList;
			buildConfigurations = (
				A69EA9AF1F7B299B00CE014D /* Debug */,
				A69EA9B01F7B299B00CE014D /* Release */,
			);
			defaultConfigurationIsVisible = 0;
			defaultConfigurationName = Release;
		};
/* End XCConfigurationList section */
	};
	rootObject = A69EA9741F7B299B00CE014D /* Project object */;
}
